// !$*UTF8*$!
{
	archiveVersion = 1;
	classes = {
	};
	objectVersion = 46;
	objects = {

/* Begin PBXBuildFile section */
		F25BFBF61AFB10B000B2C5BA /* MapVC.m in Sources */ = {isa = PBXBuildFile; fileRef = F25BFBF51AFB10B000B2C5BA /* MapVC.m */; };
		F25BFBF81AFB185E00B2C5BA /* mapicon.png in Resources */ = {isa = PBXBuildFile; fileRef = F25BFBF71AFB185E00B2C5BA /* mapicon.png */; };
		F25BFBFA1AFB1D2B00B2C5BA /* MapKit.framework in Frameworks */ = {isa = PBXBuildFile; fileRef = F25BFBF91AFB1D2B00B2C5BA /* MapKit.framework */; };
		F25BFC2F1AFB26C000B2C5BA /* AppIcon29x29.png in Resources */ = {isa = PBXBuildFile; fileRef = F25BFC1B1AFB26C000B2C5BA /* AppIcon29x29.png */; };
		F25BFC301AFB26C000B2C5BA /* AppIcon29x29@2x.png in Resources */ = {isa = PBXBuildFile; fileRef = F25BFC1C1AFB26C000B2C5BA /* AppIcon29x29@2x.png */; };
		F25BFC311AFB26C000B2C5BA /* AppIcon29x29@2x~ipad.png in Resources */ = {isa = PBXBuildFile; fileRef = F25BFC1D1AFB26C000B2C5BA /* AppIcon29x29@2x~ipad.png */; };
		F25BFC321AFB26C000B2C5BA /* AppIcon29x29@3x.png in Resources */ = {isa = PBXBuildFile; fileRef = F25BFC1E1AFB26C000B2C5BA /* AppIcon29x29@3x.png */; };
		F25BFC331AFB26C000B2C5BA /* AppIcon29x29~ipad.png in Resources */ = {isa = PBXBuildFile; fileRef = F25BFC1F1AFB26C000B2C5BA /* AppIcon29x29~ipad.png */; };
		F25BFC341AFB26C000B2C5BA /* AppIcon40x40@2x.png in Resources */ = {isa = PBXBuildFile; fileRef = F25BFC201AFB26C000B2C5BA /* AppIcon40x40@2x.png */; };
		F25BFC351AFB26C000B2C5BA /* AppIcon40x40@2x~ipad.png in Resources */ = {isa = PBXBuildFile; fileRef = F25BFC211AFB26C000B2C5BA /* AppIcon40x40@2x~ipad.png */; };
		F25BFC361AFB26C000B2C5BA /* AppIcon40x40@3x.png in Resources */ = {isa = PBXBuildFile; fileRef = F25BFC221AFB26C000B2C5BA /* AppIcon40x40@3x.png */; };
		F25BFC371AFB26C000B2C5BA /* AppIcon40x40~ipad.png in Resources */ = {isa = PBXBuildFile; fileRef = F25BFC231AFB26C000B2C5BA /* AppIcon40x40~ipad.png */; };
		F25BFC381AFB26C000B2C5BA /* AppIcon50x50@2x~ipad.png in Resources */ = {isa = PBXBuildFile; fileRef = F25BFC241AFB26C000B2C5BA /* AppIcon50x50@2x~ipad.png */; };
		F25BFC391AFB26C000B2C5BA /* AppIcon50x50~ipad.png in Resources */ = {isa = PBXBuildFile; fileRef = F25BFC251AFB26C000B2C5BA /* AppIcon50x50~ipad.png */; };
		F25BFC3A1AFB26C000B2C5BA /* AppIcon57x57.png in Resources */ = {isa = PBXBuildFile; fileRef = F25BFC261AFB26C000B2C5BA /* AppIcon57x57.png */; };
		F25BFC3B1AFB26C000B2C5BA /* AppIcon57x57@2x.png in Resources */ = {isa = PBXBuildFile; fileRef = F25BFC271AFB26C000B2C5BA /* AppIcon57x57@2x.png */; };
		F25BFC3C1AFB26C000B2C5BA /* AppIcon60x60@2x.png in Resources */ = {isa = PBXBuildFile; fileRef = F25BFC281AFB26C000B2C5BA /* AppIcon60x60@2x.png */; };
		F25BFC3D1AFB26C000B2C5BA /* AppIcon60x60@3x.png in Resources */ = {isa = PBXBuildFile; fileRef = F25BFC291AFB26C000B2C5BA /* AppIcon60x60@3x.png */; };
		F25BFC3E1AFB26C000B2C5BA /* AppIcon72x72@2x~ipad.png in Resources */ = {isa = PBXBuildFile; fileRef = F25BFC2A1AFB26C000B2C5BA /* AppIcon72x72@2x~ipad.png */; };
		F25BFC3F1AFB26C000B2C5BA /* AppIcon72x72~ipad.png in Resources */ = {isa = PBXBuildFile; fileRef = F25BFC2B1AFB26C000B2C5BA /* AppIcon72x72~ipad.png */; };
		F25BFC401AFB26C000B2C5BA /* AppIcon76x76@2x~ipad.png in Resources */ = {isa = PBXBuildFile; fileRef = F25BFC2C1AFB26C000B2C5BA /* AppIcon76x76@2x~ipad.png */; };
		F25BFC411AFB26C000B2C5BA /* AppIcon76x76~ipad.png in Resources */ = {isa = PBXBuildFile; fileRef = F25BFC2D1AFB26C000B2C5BA /* AppIcon76x76~ipad.png */; };
		F25BFC421AFB26C000B2C5BA /* AppIcon120x120_carplay.png in Resources */ = {isa = PBXBuildFile; fileRef = F25BFC2E1AFB26C000B2C5BA /* AppIcon120x120_carplay.png */; };
		F25BFC441AFB277400B2C5BA /* NeuLynx58x58.png in Resources */ = {isa = PBXBuildFile; fileRef = F25BFC431AFB277400B2C5BA /* NeuLynx58x58.png */; };
		F25BFC471AFB2BF100B2C5BA /* User.m in Sources */ = {isa = PBXBuildFile; fileRef = F25BFC461AFB2BF100B2C5BA /* User.m */; };
		F25BFC491AFB392900B2C5BA /* profileicon.png in Resources */ = {isa = PBXBuildFile; fileRef = F25BFC481AFB392900B2C5BA /* profileicon.png */; };
		F25BFC4C1AFB3CB400B2C5BA /* Mail.storyboard in Resources */ = {isa = PBXBuildFile; fileRef = F25BFC4B1AFB3CB400B2C5BA /* Mail.storyboard */; };
		F25BFC4E1AFB3F2600B2C5BA /* mailIcon.png in Resources */ = {isa = PBXBuildFile; fileRef = F25BFC4D1AFB3F2600B2C5BA /* mailIcon.png */; };
		F25BFC511AFB47DB00B2C5BA /* SignInVC.m in Sources */ = {isa = PBXBuildFile; fileRef = F25BFC501AFB47DB00B2C5BA /* SignInVC.m */; };
		F25BFC541AFB9E3900B2C5BA /* ProfileVC.m in Sources */ = {isa = PBXBuildFile; fileRef = F25BFC531AFB9E3900B2C5BA /* ProfileVC.m */; };
		F25BFC571AFB9E6F00B2C5BA /* PostEventVC.m in Sources */ = {isa = PBXBuildFile; fileRef = F25BFC561AFB9E6F00B2C5BA /* PostEventVC.m */; };
		F25BFC5A1AFB9EE100B2C5BA /* HistoryVC.m in Sources */ = {isa = PBXBuildFile; fileRef = F25BFC591AFB9EE100B2C5BA /* HistoryVC.m */; };
		F25BFC5D1AFB9F0100B2C5BA /* MailVC.m in Sources */ = {isa = PBXBuildFile; fileRef = F25BFC5C1AFB9F0100B2C5BA /* MailVC.m */; };
		F25BFC5F1AFB9F4100B2C5BA /* postButton.png in Resources */ = {isa = PBXBuildFile; fileRef = F25BFC5E1AFB9F4100B2C5BA /* postButton.png */; };
		F25BFC611AFBA2AC00B2C5BA /* defaultImage.png in Resources */ = {isa = PBXBuildFile; fileRef = F25BFC601AFBA2AC00B2C5BA /* defaultImage.png */; };
		F28518E11AFABFAD007A45FA /* main.m in Sources */ = {isa = PBXBuildFile; fileRef = F28518E01AFABFAD007A45FA /* main.m */; };
		F28518E41AFABFAD007A45FA /* AppDelegate.m in Sources */ = {isa = PBXBuildFile; fileRef = F28518E31AFABFAD007A45FA /* AppDelegate.m */; };
		F28518E71AFABFAD007A45FA /* NeuLynx.xcdatamodeld in Sources */ = {isa = PBXBuildFile; fileRef = F28518E51AFABFAD007A45FA /* NeuLynx.xcdatamodeld */; };
		F28518ED1AFABFAD007A45FA /* Main.storyboard in Resources */ = {isa = PBXBuildFile; fileRef = F28518EB1AFABFAD007A45FA /* Main.storyboard */; };
		F28518EF1AFABFAD007A45FA /* Images.xcassets in Resources */ = {isa = PBXBuildFile; fileRef = F28518EE1AFABFAD007A45FA /* Images.xcassets */; };
		F28518F21AFABFAD007A45FA /* LaunchScreen.xib in Resources */ = {isa = PBXBuildFile; fileRef = F28518F01AFABFAD007A45FA /* LaunchScreen.xib */; };
		F28518FE1AFABFAE007A45FA /* NeuLynxTests.m in Sources */ = {isa = PBXBuildFile; fileRef = F28518FD1AFABFAE007A45FA /* NeuLynxTests.m */; };
		F28519101AFACE75007A45FA /* launchScreen.png in Resources */ = {isa = PBXBuildFile; fileRef = F285190F1AFACE75007A45FA /* launchScreen.png */; };
		F285191F1AFAD67C007A45FA /* MainTabBarController.m in Sources */ = {isa = PBXBuildFile; fileRef = F285191E1AFAD67C007A45FA /* MainTabBarController.m */; };
		F28519211AFAD7AD007A45FA /* SignIn.storyboard in Resources */ = {isa = PBXBuildFile; fileRef = F28519201AFAD7AD007A45FA /* SignIn.storyboard */; };
		F28519231AFAD7BD007A45FA /* SignUp.storyboard in Resources */ = {isa = PBXBuildFile; fileRef = F28519221AFAD7BD007A45FA /* SignUp.storyboard */; };
		F28519251AFADADA007A45FA /* Profile.storyboard in Resources */ = {isa = PBXBuildFile; fileRef = F28519241AFADADA007A45FA /* Profile.storyboard */; };
		F28519271AFADAED007A45FA /* Map.storyboard in Resources */ = {isa = PBXBuildFile; fileRef = F28519261AFADAED007A45FA /* Map.storyboard */; };
		F28519291AFADB09007A45FA /* PostEvent.storyboard in Resources */ = {isa = PBXBuildFile; fileRef = F28519281AFADB09007A45FA /* PostEvent.storyboard */; };
		F285192B1AFADB20007A45FA /* History.storyboard in Resources */ = {isa = PBXBuildFile; fileRef = F285192A1AFADB20007A45FA /* History.storyboard */; };
		F285192F1AFAE291007A45FA /* Parse.framework in Frameworks */ = {isa = PBXBuildFile; fileRef = F285192E1AFAE291007A45FA /* Parse.framework */; };
		F28519311AFAE29E007A45FA /* Bolts.framework in Frameworks */ = {isa = PBXBuildFile; fileRef = F28519301AFAE29E007A45FA /* Bolts.framework */; };
		F28519331AFAE2CE007A45FA /* AudioToolbox.framework in Frameworks */ = {isa = PBXBuildFile; fileRef = F28519321AFAE2CE007A45FA /* AudioToolbox.framework */; };
		F28519351AFAE2DA007A45FA /* CFNetwork.framework in Frameworks */ = {isa = PBXBuildFile; fileRef = F28519341AFAE2DA007A45FA /* CFNetwork.framework */; };
		F28519371AFAE2E4007A45FA /* CoreGraphics.framework in Frameworks */ = {isa = PBXBuildFile; fileRef = F28519361AFAE2E4007A45FA /* CoreGraphics.framework */; };
		F28519391AFAE2EE007A45FA /* CoreLocation.framework in Frameworks */ = {isa = PBXBuildFile; fileRef = F28519381AFAE2EE007A45FA /* CoreLocation.framework */; };
		F285193B1AFAE2F9007A45FA /* MobileCoreServices.framework in Frameworks */ = {isa = PBXBuildFile; fileRef = F285193A1AFAE2F9007A45FA /* MobileCoreServices.framework */; };
		F285193D1AFAE304007A45FA /* QuartzCore.framework in Frameworks */ = {isa = PBXBuildFile; fileRef = F285193C1AFAE304007A45FA /* QuartzCore.framework */; };
		F285193F1AFAE30D007A45FA /* Security.framework in Frameworks */ = {isa = PBXBuildFile; fileRef = F285193E1AFAE30D007A45FA /* Security.framework */; };
		F28519411AFAE317007A45FA /* StoreKit.framework in Frameworks */ = {isa = PBXBuildFile; fileRef = F28519401AFAE317007A45FA /* StoreKit.framework */; };
		F28519431AFAE321007A45FA /* SystemConfiguration.framework in Frameworks */ = {isa = PBXBuildFile; fileRef = F28519421AFAE321007A45FA /* SystemConfiguration.framework */; };
		F28519451AFAE332007A45FA /* libz.dylib in Frameworks */ = {isa = PBXBuildFile; fileRef = F28519441AFAE332007A45FA /* libz.dylib */; };
		F28519471AFAE347007A45FA /* libsqlite3.dylib in Frameworks */ = {isa = PBXBuildFile; fileRef = F28519461AFAE347007A45FA /* libsqlite3.dylib */; };
		F28519491AFAE358007A45FA /* Accounts.framework in Frameworks */ = {isa = PBXBuildFile; fileRef = F28519481AFAE358007A45FA /* Accounts.framework */; };
		F285194B1AFAE360007A45FA /* Social.framework in Frameworks */ = {isa = PBXBuildFile; fileRef = F285194A1AFAE360007A45FA /* Social.framework */; };
		F285194D1AFAE98D007A45FA /* cityBackGround.png in Resources */ = {isa = PBXBuildFile; fileRef = F285194C1AFAE98D007A45FA /* cityBackGround.png */; };
		F285194F1AFAEA33007A45FA /* NeulynxLogo.png in Resources */ = {isa = PBXBuildFile; fileRef = F285194E1AFAEA33007A45FA /* NeulynxLogo.png */; };
		F28519511AFAEBB2007A45FA /* FacebookButton.png in Resources */ = {isa = PBXBuildFile; fileRef = F28519501AFAEBB2007A45FA /* FacebookButton.png */; };
		F28519531AFAED9F007A45FA /* or.png in Resources */ = {isa = PBXBuildFile; fileRef = F28519521AFAED9F007A45FA /* or.png */; };
		F285195C1AFB0294007A45FA /* SignUpVC.m in Sources */ = {isa = PBXBuildFile; fileRef = F285195B1AFB0294007A45FA /* SignUpVC.m */; };
/* End PBXBuildFile section */

/* Begin PBXContainerItemProxy section */
		F28518F81AFABFAE007A45FA /* PBXContainerItemProxy */ = {
			isa = PBXContainerItemProxy;
			containerPortal = F28518D31AFABFAD007A45FA /* Project object */;
			proxyType = 1;
			remoteGlobalIDString = F28518DA1AFABFAD007A45FA;
			remoteInfo = NeuLynx;
		};
/* End PBXContainerItemProxy section */

/* Begin PBXFileReference section */
		F25BFBF41AFB10B000B2C5BA /* MapVC.h */ = {isa = PBXFileReference; fileEncoding = 4; lastKnownFileType = sourcecode.c.h; path = MapVC.h; sourceTree = "<group>"; };
		F25BFBF51AFB10B000B2C5BA /* MapVC.m */ = {isa = PBXFileReference; fileEncoding = 4; lastKnownFileType = sourcecode.c.objc; path = MapVC.m; sourceTree = "<group>"; };
		F25BFBF71AFB185E00B2C5BA /* mapicon.png */ = {isa = PBXFileReference; lastKnownFileType = image.png; path = mapicon.png; sourceTree = "<group>"; };
		F25BFBF91AFB1D2B00B2C5BA /* MapKit.framework */ = {isa = PBXFileReference; lastKnownFileType = wrapper.framework; name = MapKit.framework; path = System/Library/Frameworks/MapKit.framework; sourceTree = SDKROOT; };
		F25BFC1B1AFB26C000B2C5BA /* AppIcon29x29.png */ = {isa = PBXFileReference; lastKnownFileType = image.png; path = AppIcon29x29.png; sourceTree = "<group>"; };
		F25BFC1C1AFB26C000B2C5BA /* AppIcon29x29@2x.png */ = {isa = PBXFileReference; lastKnownFileType = image.png; path = "AppIcon29x29@2x.png"; sourceTree = "<group>"; };
		F25BFC1D1AFB26C000B2C5BA /* AppIcon29x29@2x~ipad.png */ = {isa = PBXFileReference; lastKnownFileType = image.png; path = "AppIcon29x29@2x~ipad.png"; sourceTree = "<group>"; };
		F25BFC1E1AFB26C000B2C5BA /* AppIcon29x29@3x.png */ = {isa = PBXFileReference; lastKnownFileType = image.png; path = "AppIcon29x29@3x.png"; sourceTree = "<group>"; };
		F25BFC1F1AFB26C000B2C5BA /* AppIcon29x29~ipad.png */ = {isa = PBXFileReference; lastKnownFileType = image.png; path = "AppIcon29x29~ipad.png"; sourceTree = "<group>"; };
		F25BFC201AFB26C000B2C5BA /* AppIcon40x40@2x.png */ = {isa = PBXFileReference; lastKnownFileType = image.png; path = "AppIcon40x40@2x.png"; sourceTree = "<group>"; };
		F25BFC211AFB26C000B2C5BA /* AppIcon40x40@2x~ipad.png */ = {isa = PBXFileReference; lastKnownFileType = image.png; path = "AppIcon40x40@2x~ipad.png"; sourceTree = "<group>"; };
		F25BFC221AFB26C000B2C5BA /* AppIcon40x40@3x.png */ = {isa = PBXFileReference; lastKnownFileType = image.png; path = "AppIcon40x40@3x.png"; sourceTree = "<group>"; };
		F25BFC231AFB26C000B2C5BA /* AppIcon40x40~ipad.png */ = {isa = PBXFileReference; lastKnownFileType = image.png; path = "AppIcon40x40~ipad.png"; sourceTree = "<group>"; };
		F25BFC241AFB26C000B2C5BA /* AppIcon50x50@2x~ipad.png */ = {isa = PBXFileReference; lastKnownFileType = image.png; path = "AppIcon50x50@2x~ipad.png"; sourceTree = "<group>"; };
		F25BFC251AFB26C000B2C5BA /* AppIcon50x50~ipad.png */ = {isa = PBXFileReference; lastKnownFileType = image.png; path = "AppIcon50x50~ipad.png"; sourceTree = "<group>"; };
		F25BFC261AFB26C000B2C5BA /* AppIcon57x57.png */ = {isa = PBXFileReference; lastKnownFileType = image.png; path = AppIcon57x57.png; sourceTree = "<group>"; };
		F25BFC271AFB26C000B2C5BA /* AppIcon57x57@2x.png */ = {isa = PBXFileReference; lastKnownFileType = image.png; path = "AppIcon57x57@2x.png"; sourceTree = "<group>"; };
		F25BFC281AFB26C000B2C5BA /* AppIcon60x60@2x.png */ = {isa = PBXFileReference; lastKnownFileType = image.png; path = "AppIcon60x60@2x.png"; sourceTree = "<group>"; };
		F25BFC291AFB26C000B2C5BA /* AppIcon60x60@3x.png */ = {isa = PBXFileReference; lastKnownFileType = image.png; path = "AppIcon60x60@3x.png"; sourceTree = "<group>"; };
		F25BFC2A1AFB26C000B2C5BA /* AppIcon72x72@2x~ipad.png */ = {isa = PBXFileReference; lastKnownFileType = image.png; path = "AppIcon72x72@2x~ipad.png"; sourceTree = "<group>"; };
		F25BFC2B1AFB26C000B2C5BA /* AppIcon72x72~ipad.png */ = {isa = PBXFileReference; lastKnownFileType = image.png; path = "AppIcon72x72~ipad.png"; sourceTree = "<group>"; };
		F25BFC2C1AFB26C000B2C5BA /* AppIcon76x76@2x~ipad.png */ = {isa = PBXFileReference; lastKnownFileType = image.png; path = "AppIcon76x76@2x~ipad.png"; sourceTree = "<group>"; };
		F25BFC2D1AFB26C000B2C5BA /* AppIcon76x76~ipad.png */ = {isa = PBXFileReference; lastKnownFileType = image.png; path = "AppIcon76x76~ipad.png"; sourceTree = "<group>"; };
		F25BFC2E1AFB26C000B2C5BA /* AppIcon120x120_carplay.png */ = {isa = PBXFileReference; lastKnownFileType = image.png; path = AppIcon120x120_carplay.png; sourceTree = "<group>"; };
		F25BFC431AFB277400B2C5BA /* NeuLynx58x58.png */ = {isa = PBXFileReference; lastKnownFileType = image.png; path = NeuLynx58x58.png; sourceTree = "<group>"; };
		F25BFC451AFB2BF100B2C5BA /* User.h */ = {isa = PBXFileReference; fileEncoding = 4; lastKnownFileType = sourcecode.c.h; path = User.h; sourceTree = "<group>"; };
		F25BFC461AFB2BF100B2C5BA /* User.m */ = {isa = PBXFileReference; fileEncoding = 4; lastKnownFileType = sourcecode.c.objc; path = User.m; sourceTree = "<group>"; };
		F25BFC481AFB392900B2C5BA /* profileicon.png */ = {isa = PBXFileReference; lastKnownFileType = image.png; path = profileicon.png; sourceTree = "<group>"; };
		F25BFC4B1AFB3CB400B2C5BA /* Mail.storyboard */ = {isa = PBXFileReference; fileEncoding = 4; lastKnownFileType = file.storyboard; path = Mail.storyboard; sourceTree = "<group>"; };
		F25BFC4D1AFB3F2600B2C5BA /* mailIcon.png */ = {isa = PBXFileReference; lastKnownFileType = image.png; path = mailIcon.png; sourceTree = "<group>"; };
		F25BFC4F1AFB47DB00B2C5BA /* SignInVC.h */ = {isa = PBXFileReference; fileEncoding = 4; lastKnownFileType = sourcecode.c.h; path = SignInVC.h; sourceTree = "<group>"; };
		F25BFC501AFB47DB00B2C5BA /* SignInVC.m */ = {isa = PBXFileReference; fileEncoding = 4; lastKnownFileType = sourcecode.c.objc; path = SignInVC.m; sourceTree = "<group>"; };
		F25BFC521AFB9E3900B2C5BA /* ProfileVC.h */ = {isa = PBXFileReference; fileEncoding = 4; lastKnownFileType = sourcecode.c.h; path = ProfileVC.h; sourceTree = "<group>"; };
		F25BFC531AFB9E3900B2C5BA /* ProfileVC.m */ = {isa = PBXFileReference; fileEncoding = 4; lastKnownFileType = sourcecode.c.objc; path = ProfileVC.m; sourceTree = "<group>"; };
		F25BFC551AFB9E6F00B2C5BA /* PostEventVC.h */ = {isa = PBXFileReference; fileEncoding = 4; lastKnownFileType = sourcecode.c.h; path = PostEventVC.h; sourceTree = "<group>"; };
		F25BFC561AFB9E6F00B2C5BA /* PostEventVC.m */ = {isa = PBXFileReference; fileEncoding = 4; lastKnownFileType = sourcecode.c.objc; path = PostEventVC.m; sourceTree = "<group>"; };
		F25BFC581AFB9EE100B2C5BA /* HistoryVC.h */ = {isa = PBXFileReference; fileEncoding = 4; lastKnownFileType = sourcecode.c.h; path = HistoryVC.h; sourceTree = "<group>"; };
		F25BFC591AFB9EE100B2C5BA /* HistoryVC.m */ = {isa = PBXFileReference; fileEncoding = 4; lastKnownFileType = sourcecode.c.objc; path = HistoryVC.m; sourceTree = "<group>"; };
		F25BFC5B1AFB9F0100B2C5BA /* MailVC.h */ = {isa = PBXFileReference; fileEncoding = 4; lastKnownFileType = sourcecode.c.h; path = MailVC.h; sourceTree = "<group>"; };
		F25BFC5C1AFB9F0100B2C5BA /* MailVC.m */ = {isa = PBXFileReference; fileEncoding = 4; lastKnownFileType = sourcecode.c.objc; path = MailVC.m; sourceTree = "<group>"; };
		F25BFC5E1AFB9F4100B2C5BA /* postButton.png */ = {isa = PBXFileReference; lastKnownFileType = image.png; path = postButton.png; sourceTree = "<group>"; };
		F25BFC601AFBA2AC00B2C5BA /* defaultImage.png */ = {isa = PBXFileReference; lastKnownFileType = image.png; path = defaultImage.png; sourceTree = "<group>"; };
		F28518DB1AFABFAD007A45FA /* NeuLynx.app */ = {isa = PBXFileReference; explicitFileType = wrapper.application; includeInIndex = 0; path = NeuLynx.app; sourceTree = BUILT_PRODUCTS_DIR; };
		F28518DF1AFABFAD007A45FA /* Info.plist */ = {isa = PBXFileReference; lastKnownFileType = text.plist.xml; path = Info.plist; sourceTree = "<group>"; };
		F28518E01AFABFAD007A45FA /* main.m */ = {isa = PBXFileReference; lastKnownFileType = sourcecode.c.objc; path = main.m; sourceTree = "<group>"; };
		F28518E21AFABFAD007A45FA /* AppDelegate.h */ = {isa = PBXFileReference; lastKnownFileType = sourcecode.c.h; path = AppDelegate.h; sourceTree = "<group>"; };
		F28518E31AFABFAD007A45FA /* AppDelegate.m */ = {isa = PBXFileReference; lastKnownFileType = sourcecode.c.objc; path = AppDelegate.m; sourceTree = "<group>"; };
		F28518E61AFABFAD007A45FA /* NeuLynx.xcdatamodel */ = {isa = PBXFileReference; lastKnownFileType = wrapper.xcdatamodel; path = NeuLynx.xcdatamodel; sourceTree = "<group>"; };
		F28518EC1AFABFAD007A45FA /* Base */ = {isa = PBXFileReference; lastKnownFileType = file.storyboard; name = Base; path = Base.lproj/Main.storyboard; sourceTree = "<group>"; };
		F28518EE1AFABFAD007A45FA /* Images.xcassets */ = {isa = PBXFileReference; lastKnownFileType = folder.assetcatalog; path = Images.xcassets; sourceTree = "<group>"; };
		F28518F11AFABFAD007A45FA /* Base */ = {isa = PBXFileReference; lastKnownFileType = file.xib; name = Base; path = Base.lproj/LaunchScreen.xib; sourceTree = "<group>"; };
		F28518F71AFABFAE007A45FA /* NeuLynxTests.xctest */ = {isa = PBXFileReference; explicitFileType = wrapper.cfbundle; includeInIndex = 0; path = NeuLynxTests.xctest; sourceTree = BUILT_PRODUCTS_DIR; };
		F28518FC1AFABFAE007A45FA /* Info.plist */ = {isa = PBXFileReference; lastKnownFileType = text.plist.xml; path = Info.plist; sourceTree = "<group>"; };
		F28518FD1AFABFAE007A45FA /* NeuLynxTests.m */ = {isa = PBXFileReference; lastKnownFileType = sourcecode.c.objc; path = NeuLynxTests.m; sourceTree = "<group>"; };
		F285190F1AFACE75007A45FA /* launchScreen.png */ = {isa = PBXFileReference; lastKnownFileType = image.png; path = launchScreen.png; sourceTree = "<group>"; };
		F285191D1AFAD67C007A45FA /* MainTabBarController.h */ = {isa = PBXFileReference; fileEncoding = 4; lastKnownFileType = sourcecode.c.h; path = MainTabBarController.h; sourceTree = "<group>"; };
		F285191E1AFAD67C007A45FA /* MainTabBarController.m */ = {isa = PBXFileReference; fileEncoding = 4; lastKnownFileType = sourcecode.c.objc; path = MainTabBarController.m; sourceTree = "<group>"; };
		F28519201AFAD7AD007A45FA /* SignIn.storyboard */ = {isa = PBXFileReference; fileEncoding = 4; lastKnownFileType = file.storyboard; path = SignIn.storyboard; sourceTree = "<group>"; };
		F28519221AFAD7BD007A45FA /* SignUp.storyboard */ = {isa = PBXFileReference; fileEncoding = 4; lastKnownFileType = file.storyboard; path = SignUp.storyboard; sourceTree = "<group>"; };
		F28519241AFADADA007A45FA /* Profile.storyboard */ = {isa = PBXFileReference; fileEncoding = 4; lastKnownFileType = file.storyboard; path = Profile.storyboard; sourceTree = "<group>"; };
		F28519261AFADAED007A45FA /* Map.storyboard */ = {isa = PBXFileReference; fileEncoding = 4; lastKnownFileType = file.storyboard; path = Map.storyboard; sourceTree = "<group>"; };
		F28519281AFADB09007A45FA /* PostEvent.storyboard */ = {isa = PBXFileReference; fileEncoding = 4; lastKnownFileType = file.storyboard; path = PostEvent.storyboard; sourceTree = "<group>"; };
		F285192A1AFADB20007A45FA /* History.storyboard */ = {isa = PBXFileReference; fileEncoding = 4; lastKnownFileType = file.storyboard; path = History.storyboard; sourceTree = "<group>"; };
		F285192E1AFAE291007A45FA /* Parse.framework */ = {isa = PBXFileReference; lastKnownFileType = wrapper.framework; path = Parse.framework; sourceTree = "<group>"; };
		F28519301AFAE29E007A45FA /* Bolts.framework */ = {isa = PBXFileReference; lastKnownFileType = wrapper.framework; path = Bolts.framework; sourceTree = "<group>"; };
		F28519321AFAE2CE007A45FA /* AudioToolbox.framework */ = {isa = PBXFileReference; lastKnownFileType = wrapper.framework; name = AudioToolbox.framework; path = System/Library/Frameworks/AudioToolbox.framework; sourceTree = SDKROOT; };
		F28519341AFAE2DA007A45FA /* CFNetwork.framework */ = {isa = PBXFileReference; lastKnownFileType = wrapper.framework; name = CFNetwork.framework; path = System/Library/Frameworks/CFNetwork.framework; sourceTree = SDKROOT; };
		F28519361AFAE2E4007A45FA /* CoreGraphics.framework */ = {isa = PBXFileReference; lastKnownFileType = wrapper.framework; name = CoreGraphics.framework; path = System/Library/Frameworks/CoreGraphics.framework; sourceTree = SDKROOT; };
		F28519381AFAE2EE007A45FA /* CoreLocation.framework */ = {isa = PBXFileReference; lastKnownFileType = wrapper.framework; name = CoreLocation.framework; path = System/Library/Frameworks/CoreLocation.framework; sourceTree = SDKROOT; };
		F285193A1AFAE2F9007A45FA /* MobileCoreServices.framework */ = {isa = PBXFileReference; lastKnownFileType = wrapper.framework; name = MobileCoreServices.framework; path = System/Library/Frameworks/MobileCoreServices.framework; sourceTree = SDKROOT; };
		F285193C1AFAE304007A45FA /* QuartzCore.framework */ = {isa = PBXFileReference; lastKnownFileType = wrapper.framework; name = QuartzCore.framework; path = System/Library/Frameworks/QuartzCore.framework; sourceTree = SDKROOT; };
		F285193E1AFAE30D007A45FA /* Security.framework */ = {isa = PBXFileReference; lastKnownFileType = wrapper.framework; name = Security.framework; path = System/Library/Frameworks/Security.framework; sourceTree = SDKROOT; };
		F28519401AFAE317007A45FA /* StoreKit.framework */ = {isa = PBXFileReference; lastKnownFileType = wrapper.framework; name = StoreKit.framework; path = System/Library/Frameworks/StoreKit.framework; sourceTree = SDKROOT; };
		F28519421AFAE321007A45FA /* SystemConfiguration.framework */ = {isa = PBXFileReference; lastKnownFileType = wrapper.framework; name = SystemConfiguration.framework; path = System/Library/Frameworks/SystemConfiguration.framework; sourceTree = SDKROOT; };
		F28519441AFAE332007A45FA /* libz.dylib */ = {isa = PBXFileReference; lastKnownFileType = "compiled.mach-o.dylib"; name = libz.dylib; path = usr/lib/libz.dylib; sourceTree = SDKROOT; };
		F28519461AFAE347007A45FA /* libsqlite3.dylib */ = {isa = PBXFileReference; lastKnownFileType = "compiled.mach-o.dylib"; name = libsqlite3.dylib; path = usr/lib/libsqlite3.dylib; sourceTree = SDKROOT; };
		F28519481AFAE358007A45FA /* Accounts.framework */ = {isa = PBXFileReference; lastKnownFileType = wrapper.framework; name = Accounts.framework; path = System/Library/Frameworks/Accounts.framework; sourceTree = SDKROOT; };
		F285194A1AFAE360007A45FA /* Social.framework */ = {isa = PBXFileReference; lastKnownFileType = wrapper.framework; name = Social.framework; path = System/Library/Frameworks/Social.framework; sourceTree = SDKROOT; };
		F285194C1AFAE98D007A45FA /* cityBackGround.png */ = {isa = PBXFileReference; lastKnownFileType = image.png; path = cityBackGround.png; sourceTree = "<group>"; };
		F285194E1AFAEA33007A45FA /* NeulynxLogo.png */ = {isa = PBXFileReference; lastKnownFileType = image.png; path = NeulynxLogo.png; sourceTree = "<group>"; };
		F28519501AFAEBB2007A45FA /* FacebookButton.png */ = {isa = PBXFileReference; lastKnownFileType = image.png; path = FacebookButton.png; sourceTree = "<group>"; };
		F28519521AFAED9F007A45FA /* or.png */ = {isa = PBXFileReference; lastKnownFileType = image.png; path = or.png; sourceTree = "<group>"; };
		F285195A1AFB0294007A45FA /* SignUpVC.h */ = {isa = PBXFileReference; fileEncoding = 4; lastKnownFileType = sourcecode.c.h; path = SignUpVC.h; sourceTree = "<group>"; };
		F285195B1AFB0294007A45FA /* SignUpVC.m */ = {isa = PBXFileReference; fileEncoding = 4; lastKnownFileType = sourcecode.c.objc; path = SignUpVC.m; sourceTree = "<group>"; };
/* End PBXFileReference section */

/* Begin PBXFrameworksBuildPhase section */
		F28518D81AFABFAD007A45FA /* Frameworks */ = {
			isa = PBXFrameworksBuildPhase;
			buildActionMask = 2147483647;
			files = (
				F25BFBFA1AFB1D2B00B2C5BA /* MapKit.framework in Frameworks */,
				F285194B1AFAE360007A45FA /* Social.framework in Frameworks */,
				F28519491AFAE358007A45FA /* Accounts.framework in Frameworks */,
				F28519471AFAE347007A45FA /* libsqlite3.dylib in Frameworks */,
				F28519451AFAE332007A45FA /* libz.dylib in Frameworks */,
				F28519431AFAE321007A45FA /* SystemConfiguration.framework in Frameworks */,
				F28519411AFAE317007A45FA /* StoreKit.framework in Frameworks */,
				F285193F1AFAE30D007A45FA /* Security.framework in Frameworks */,
				F285193D1AFAE304007A45FA /* QuartzCore.framework in Frameworks */,
				F285193B1AFAE2F9007A45FA /* MobileCoreServices.framework in Frameworks */,
				F28519391AFAE2EE007A45FA /* CoreLocation.framework in Frameworks */,
				F28519371AFAE2E4007A45FA /* CoreGraphics.framework in Frameworks */,
				F28519351AFAE2DA007A45FA /* CFNetwork.framework in Frameworks */,
				F28519331AFAE2CE007A45FA /* AudioToolbox.framework in Frameworks */,
				F285192F1AFAE291007A45FA /* Parse.framework in Frameworks */,
				F28519311AFAE29E007A45FA /* Bolts.framework in Frameworks */,
			);
			runOnlyForDeploymentPostprocessing = 0;
		};
		F28518F41AFABFAE007A45FA /* Frameworks */ = {
			isa = PBXFrameworksBuildPhase;
			buildActionMask = 2147483647;
			files = (
			);
			runOnlyForDeploymentPostprocessing = 0;
		};
/* End PBXFrameworksBuildPhase section */

/* Begin PBXGroup section */
		F25BFC4A1AFB3C8500B2C5BA /* Mail */ = {
			isa = PBXGroup;
			children = (
				F25BFC4B1AFB3CB400B2C5BA /* Mail.storyboard */,
				F25BFC5B1AFB9F0100B2C5BA /* MailVC.h */,
				F25BFC5C1AFB9F0100B2C5BA /* MailVC.m */,
			);
			name = Mail;
			sourceTree = "<group>";
		};
		F28518D21AFABFAD007A45FA = {
			isa = PBXGroup;
			children = (
				F285192D1AFADB47007A45FA /* Data Model */,
				F285192C1AFADB3E007A45FA /* Frameworks */,
				F28518DD1AFABFAD007A45FA /* NeuLynx */,
				F28518FA1AFABFAE007A45FA /* NeuLynxTests */,
				F28518DC1AFABFAD007A45FA /* Products */,
			);
			sourceTree = "<group>";
		};
		F28518DC1AFABFAD007A45FA /* Products */ = {
			isa = PBXGroup;
			children = (
				F28518DB1AFABFAD007A45FA /* NeuLynx.app */,
				F28518F71AFABFAE007A45FA /* NeuLynxTests.xctest */,
			);
			name = Products;
			sourceTree = "<group>";
		};
		F28518DD1AFABFAD007A45FA /* NeuLynx */ = {
			isa = PBXGroup;
			children = (
				F25BFC4A1AFB3C8500B2C5BA /* Mail */,
				F285190D1AFAC172007A45FA /* History */,
				F285190B1AFAC126007A45FA /* PostEvent */,
				F285190A1AFAC110007A45FA /* Map */,
				F285190C1AFAC132007A45FA /* Profile */,
				F28519091AFAC0D7007A45FA /* Sign Up */,
				F28519071AFAC0A2007A45FA /* Sign In */,
				F285190E1AFACE5C007A45FA /* Images */,
				F28518E21AFABFAD007A45FA /* AppDelegate.h */,
				F28518E31AFABFAD007A45FA /* AppDelegate.m */,
				F28518EB1AFABFAD007A45FA /* Main.storyboard */,
				F285191D1AFAD67C007A45FA /* MainTabBarController.h */,
				F285191E1AFAD67C007A45FA /* MainTabBarController.m */,
				F28518EE1AFABFAD007A45FA /* Images.xcassets */,
				F28518F01AFABFAD007A45FA /* LaunchScreen.xib */,
				F28518E51AFABFAD007A45FA /* NeuLynx.xcdatamodeld */,
				F28518DE1AFABFAD007A45FA /* Supporting Files */,
			);
			path = NeuLynx;
			sourceTree = "<group>";
		};
		F28518DE1AFABFAD007A45FA /* Supporting Files */ = {
			isa = PBXGroup;
			children = (
				F28518DF1AFABFAD007A45FA /* Info.plist */,
				F28518E01AFABFAD007A45FA /* main.m */,
			);
			name = "Supporting Files";
			sourceTree = "<group>";
		};
		F28518FA1AFABFAE007A45FA /* NeuLynxTests */ = {
			isa = PBXGroup;
			children = (
				F28518FD1AFABFAE007A45FA /* NeuLynxTests.m */,
				F28518FB1AFABFAE007A45FA /* Supporting Files */,
			);
			path = NeuLynxTests;
			sourceTree = "<group>";
		};
		F28518FB1AFABFAE007A45FA /* Supporting Files */ = {
			isa = PBXGroup;
			children = (
				F28518FC1AFABFAE007A45FA /* Info.plist */,
			);
			name = "Supporting Files";
			sourceTree = "<group>";
		};
		F28519071AFAC0A2007A45FA /* Sign In */ = {
			isa = PBXGroup;
			children = (
				F28519201AFAD7AD007A45FA /* SignIn.storyboard */,
				F25BFC4F1AFB47DB00B2C5BA /* SignInVC.h */,
				F25BFC501AFB47DB00B2C5BA /* SignInVC.m */,
			);
			name = "Sign In";
			sourceTree = "<group>";
		};
		F28519091AFAC0D7007A45FA /* Sign Up */ = {
			isa = PBXGroup;
			children = (
				F28519221AFAD7BD007A45FA /* SignUp.storyboard */,
				F285195A1AFB0294007A45FA /* SignUpVC.h */,
				F285195B1AFB0294007A45FA /* SignUpVC.m */,
			);
			name = "Sign Up";
			sourceTree = "<group>";
		};
		F285190A1AFAC110007A45FA /* Map */ = {
			isa = PBXGroup;
			children = (
				F28519261AFADAED007A45FA /* Map.storyboard */,
				F25BFBF41AFB10B000B2C5BA /* MapVC.h */,
				F25BFBF51AFB10B000B2C5BA /* MapVC.m */,
			);
			name = Map;
			sourceTree = "<group>";
		};
		F285190B1AFAC126007A45FA /* PostEvent */ = {
			isa = PBXGroup;
			children = (
				F28519281AFADB09007A45FA /* PostEvent.storyboard */,
				F25BFC551AFB9E6F00B2C5BA /* PostEventVC.h */,
				F25BFC561AFB9E6F00B2C5BA /* PostEventVC.m */,
			);
			name = PostEvent;
			sourceTree = "<group>";
		};
		F285190C1AFAC132007A45FA /* Profile */ = {
			isa = PBXGroup;
			children = (
				F28519241AFADADA007A45FA /* Profile.storyboard */,
				F25BFC521AFB9E3900B2C5BA /* ProfileVC.h */,
				F25BFC531AFB9E3900B2C5BA /* ProfileVC.m */,
			);
			name = Profile;
			sourceTree = "<group>";
		};
		F285190D1AFAC172007A45FA /* History */ = {
			isa = PBXGroup;
			children = (
				F285192A1AFADB20007A45FA /* History.storyboard */,
				F25BFC581AFB9EE100B2C5BA /* HistoryVC.h */,
				F25BFC591AFB9EE100B2C5BA /* HistoryVC.m */,
			);
			name = History;
			sourceTree = "<group>";
		};
		F285190E1AFACE5C007A45FA /* Images */ = {
			isa = PBXGroup;
			children = (
				F25BFC5E1AFB9F4100B2C5BA /* postButton.png */,
				F25BFC4D1AFB3F2600B2C5BA /* mailIcon.png */,
				F25BFC481AFB392900B2C5BA /* profileicon.png */,
				F25BFC1B1AFB26C000B2C5BA /* AppIcon29x29.png */,
				F25BFC1C1AFB26C000B2C5BA /* AppIcon29x29@2x.png */,
				F25BFC1D1AFB26C000B2C5BA /* AppIcon29x29@2x~ipad.png */,
				F25BFC1E1AFB26C000B2C5BA /* AppIcon29x29@3x.png */,
				F25BFC1F1AFB26C000B2C5BA /* AppIcon29x29~ipad.png */,
				F25BFC201AFB26C000B2C5BA /* AppIcon40x40@2x.png */,
				F25BFC211AFB26C000B2C5BA /* AppIcon40x40@2x~ipad.png */,
				F25BFC221AFB26C000B2C5BA /* AppIcon40x40@3x.png */,
				F25BFC231AFB26C000B2C5BA /* AppIcon40x40~ipad.png */,
				F25BFC241AFB26C000B2C5BA /* AppIcon50x50@2x~ipad.png */,
				F25BFC251AFB26C000B2C5BA /* AppIcon50x50~ipad.png */,
				F25BFC261AFB26C000B2C5BA /* AppIcon57x57.png */,
				F25BFC271AFB26C000B2C5BA /* AppIcon57x57@2x.png */,
				F25BFC431AFB277400B2C5BA /* NeuLynx58x58.png */,
				F25BFC281AFB26C000B2C5BA /* AppIcon60x60@2x.png */,
				F25BFC291AFB26C000B2C5BA /* AppIcon60x60@3x.png */,
				F25BFC2A1AFB26C000B2C5BA /* AppIcon72x72@2x~ipad.png */,
				F25BFC2B1AFB26C000B2C5BA /* AppIcon72x72~ipad.png */,
				F25BFC2C1AFB26C000B2C5BA /* AppIcon76x76@2x~ipad.png */,
				F25BFC2D1AFB26C000B2C5BA /* AppIcon76x76~ipad.png */,
				F25BFC2E1AFB26C000B2C5BA /* AppIcon120x120_carplay.png */,
				F25BFBF71AFB185E00B2C5BA /* mapicon.png */,
				F28519521AFAED9F007A45FA /* or.png */,
				F28519501AFAEBB2007A45FA /* FacebookButton.png */,
				F285194E1AFAEA33007A45FA /* NeulynxLogo.png */,
				F285194C1AFAE98D007A45FA /* cityBackGround.png */,
				F285190F1AFACE75007A45FA /* launchScreen.png */,
				F25BFC601AFBA2AC00B2C5BA /* defaultImage.png */,
			);
			name = Images;
			path = ../NeuLynx.xcodeproj;
			sourceTree = "<group>";
		};
		F285192C1AFADB3E007A45FA /* Frameworks */ = {
			isa = PBXGroup;
			children = (
				F25BFBF91AFB1D2B00B2C5BA /* MapKit.framework */,
				F285194A1AFAE360007A45FA /* Social.framework */,
				F28519481AFAE358007A45FA /* Accounts.framework */,
				F28519461AFAE347007A45FA /* libsqlite3.dylib */,
				F28519441AFAE332007A45FA /* libz.dylib */,
				F28519421AFAE321007A45FA /* SystemConfiguration.framework */,
				F28519401AFAE317007A45FA /* StoreKit.framework */,
				F285193E1AFAE30D007A45FA /* Security.framework */,
				F285193C1AFAE304007A45FA /* QuartzCore.framework */,
				F285193A1AFAE2F9007A45FA /* MobileCoreServices.framework */,
				F28519381AFAE2EE007A45FA /* CoreLocation.framework */,
				F28519361AFAE2E4007A45FA /* CoreGraphics.framework */,
				F28519341AFAE2DA007A45FA /* CFNetwork.framework */,
				F28519321AFAE2CE007A45FA /* AudioToolbox.framework */,
				F28519301AFAE29E007A45FA /* Bolts.framework */,
				F285192E1AFAE291007A45FA /* Parse.framework */,
			);
			name = Frameworks;
			sourceTree = "<group>";
		};
		F285192D1AFADB47007A45FA /* Data Model */ = {
			isa = PBXGroup;
			children = (
				F25BFC451AFB2BF100B2C5BA /* User.h */,
				F25BFC461AFB2BF100B2C5BA /* User.m */,
			);
			name = "Data Model";
			sourceTree = "<group>";
		};
/* End PBXGroup section */

/* Begin PBXNativeTarget section */
		F28518DA1AFABFAD007A45FA /* NeuLynx */ = {
			isa = PBXNativeTarget;
			buildConfigurationList = F28519011AFABFAE007A45FA /* Build configuration list for PBXNativeTarget "NeuLynx" */;
			buildPhases = (
				F28518D71AFABFAD007A45FA /* Sources */,
				F28518D81AFABFAD007A45FA /* Frameworks */,
				F28518D91AFABFAD007A45FA /* Resources */,
			);
			buildRules = (
			);
			dependencies = (
			);
			name = NeuLynx;
			productName = NeuLynx;
			productReference = F28518DB1AFABFAD007A45FA /* NeuLynx.app */;
			productType = "com.apple.product-type.application";
		};
		F28518F61AFABFAE007A45FA /* NeuLynxTests */ = {
			isa = PBXNativeTarget;
			buildConfigurationList = F28519041AFABFAE007A45FA /* Build configuration list for PBXNativeTarget "NeuLynxTests" */;
			buildPhases = (
				F28518F31AFABFAE007A45FA /* Sources */,
				F28518F41AFABFAE007A45FA /* Frameworks */,
				F28518F51AFABFAE007A45FA /* Resources */,
			);
			buildRules = (
			);
			dependencies = (
				F28518F91AFABFAE007A45FA /* PBXTargetDependency */,
			);
			name = NeuLynxTests;
			productName = NeuLynxTests;
			productReference = F28518F71AFABFAE007A45FA /* NeuLynxTests.xctest */;
			productType = "com.apple.product-type.bundle.unit-test";
		};
/* End PBXNativeTarget section */

/* Begin PBXProject section */
		F28518D31AFABFAD007A45FA /* Project object */ = {
			isa = PBXProject;
			attributes = {
				LastUpgradeCheck = 0630;
				ORGANIZATIONNAME = NeuLynx;
				TargetAttributes = {
					F28518DA1AFABFAD007A45FA = {
						CreatedOnToolsVersion = 6.3.1;
						DevelopmentTeam = A37GTC4NZF;
					};
					F28518F61AFABFAE007A45FA = {
						CreatedOnToolsVersion = 6.3.1;
						TestTargetID = F28518DA1AFABFAD007A45FA;
					};
				};
			};
			buildConfigurationList = F28518D61AFABFAD007A45FA /* Build configuration list for PBXProject "NeuLynx" */;
			compatibilityVersion = "Xcode 3.2";
			developmentRegion = English;
			hasScannedForEncodings = 0;
			knownRegions = (
				en,
				Base,
			);
			mainGroup = F28518D21AFABFAD007A45FA;
			productRefGroup = F28518DC1AFABFAD007A45FA /* Products */;
			projectDirPath = "";
			projectRoot = "";
			targets = (
				F28518DA1AFABFAD007A45FA /* NeuLynx */,
				F28518F61AFABFAE007A45FA /* NeuLynxTests */,
			);
		};
/* End PBXProject section */

/* Begin PBXResourcesBuildPhase section */
		F28518D91AFABFAD007A45FA /* Resources */ = {
			isa = PBXResourcesBuildPhase;
			buildActionMask = 2147483647;
			files = (
				F25BFC391AFB26C000B2C5BA /* AppIcon50x50~ipad.png in Resources */,
				F25BFBF81AFB185E00B2C5BA /* mapicon.png in Resources */,
				F28518ED1AFABFAD007A45FA /* Main.storyboard in Resources */,
				F25BFC301AFB26C000B2C5BA /* AppIcon29x29@2x.png in Resources */,
				F25BFC351AFB26C000B2C5BA /* AppIcon40x40@2x~ipad.png in Resources */,
				F25BFC321AFB26C000B2C5BA /* AppIcon29x29@3x.png in Resources */,
				F28519231AFAD7BD007A45FA /* SignUp.storyboard in Resources */,
				F28518F21AFABFAD007A45FA /* LaunchScreen.xib in Resources */,
				F28519101AFACE75007A45FA /* launchScreen.png in Resources */,
				F28519251AFADADA007A45FA /* Profile.storyboard in Resources */,
				F25BFC491AFB392900B2C5BA /* profileicon.png in Resources */,
				F25BFC411AFB26C000B2C5BA /* AppIcon76x76~ipad.png in Resources */,
				F25BFC3B1AFB26C000B2C5BA /* AppIcon57x57@2x.png in Resources */,
				F25BFC331AFB26C000B2C5BA /* AppIcon29x29~ipad.png in Resources */,
				F25BFC341AFB26C000B2C5BA /* AppIcon40x40@2x.png in Resources */,
				F25BFC3D1AFB26C000B2C5BA /* AppIcon60x60@3x.png in Resources */,
				F28518EF1AFABFAD007A45FA /* Images.xcassets in Resources */,
				F25BFC401AFB26C000B2C5BA /* AppIcon76x76@2x~ipad.png in Resources */,
				F25BFC3C1AFB26C000B2C5BA /* AppIcon60x60@2x.png in Resources */,
				F25BFC5F1AFB9F4100B2C5BA /* postButton.png in Resources */,
				F285192B1AFADB20007A45FA /* History.storyboard in Resources */,
				F25BFC611AFBA2AC00B2C5BA /* defaultImage.png in Resources */,
				F28519211AFAD7AD007A45FA /* SignIn.storyboard in Resources */,
				F25BFC4C1AFB3CB400B2C5BA /* Mail.storyboard in Resources */,
				F25BFC361AFB26C000B2C5BA /* AppIcon40x40@3x.png in Resources */,
				F28519511AFAEBB2007A45FA /* FacebookButton.png in Resources */,
				F28519271AFADAED007A45FA /* Map.storyboard in Resources */,
				F25BFC2F1AFB26C000B2C5BA /* AppIcon29x29.png in Resources */,
				F25BFC4E1AFB3F2600B2C5BA /* mailIcon.png in Resources */,
				F25BFC3E1AFB26C000B2C5BA /* AppIcon72x72@2x~ipad.png in Resources */,
				F25BFC3A1AFB26C000B2C5BA /* AppIcon57x57.png in Resources */,
				F25BFC3F1AFB26C000B2C5BA /* AppIcon72x72~ipad.png in Resources */,
				F25BFC311AFB26C000B2C5BA /* AppIcon29x29@2x~ipad.png in Resources */,
				F285194F1AFAEA33007A45FA /* NeulynxLogo.png in Resources */,
				F285194D1AFAE98D007A45FA /* cityBackGround.png in Resources */,
				F28519291AFADB09007A45FA /* PostEvent.storyboard in Resources */,
				F25BFC381AFB26C000B2C5BA /* AppIcon50x50@2x~ipad.png in Resources */,
				F25BFC441AFB277400B2C5BA /* NeuLynx58x58.png in Resources */,
				F25BFC371AFB26C000B2C5BA /* AppIcon40x40~ipad.png in Resources */,
				F25BFC421AFB26C000B2C5BA /* AppIcon120x120_carplay.png in Resources */,
				F28519531AFAED9F007A45FA /* or.png in Resources */,
			);
			runOnlyForDeploymentPostprocessing = 0;
		};
		F28518F51AFABFAE007A45FA /* Resources */ = {
			isa = PBXResourcesBuildPhase;
			buildActionMask = 2147483647;
			files = (
			);
			runOnlyForDeploymentPostprocessing = 0;
		};
/* End PBXResourcesBuildPhase section */

/* Begin PBXSourcesBuildPhase section */
		F28518D71AFABFAD007A45FA /* Sources */ = {
			isa = PBXSourcesBuildPhase;
			buildActionMask = 2147483647;
			files = (
				F28518E41AFABFAD007A45FA /* AppDelegate.m in Sources */,
				F25BFC571AFB9E6F00B2C5BA /* PostEventVC.m in Sources */,
				F25BFC471AFB2BF100B2C5BA /* User.m in Sources */,
				F25BFC5D1AFB9F0100B2C5BA /* MailVC.m in Sources */,
				F285191F1AFAD67C007A45FA /* MainTabBarController.m in Sources */,
				F285195C1AFB0294007A45FA /* SignUpVC.m in Sources */,
				F25BFC541AFB9E3900B2C5BA /* ProfileVC.m in Sources */,
				F25BFBF61AFB10B000B2C5BA /* MapVC.m in Sources */,
				F28518E71AFABFAD007A45FA /* NeuLynx.xcdatamodeld in Sources */,
				F25BFC511AFB47DB00B2C5BA /* SignInVC.m in Sources */,
				F28518E11AFABFAD007A45FA /* main.m in Sources */,
				F25BFC5A1AFB9EE100B2C5BA /* HistoryVC.m in Sources */,
			);
			runOnlyForDeploymentPostprocessing = 0;
		};
		F28518F31AFABFAE007A45FA /* Sources */ = {
			isa = PBXSourcesBuildPhase;
			buildActionMask = 2147483647;
			files = (
				F28518FE1AFABFAE007A45FA /* NeuLynxTests.m in Sources */,
			);
			runOnlyForDeploymentPostprocessing = 0;
		};
/* End PBXSourcesBuildPhase section */

/* Begin PBXTargetDependency section */
		F28518F91AFABFAE007A45FA /* PBXTargetDependency */ = {
			isa = PBXTargetDependency;
			target = F28518DA1AFABFAD007A45FA /* NeuLynx */;
			targetProxy = F28518F81AFABFAE007A45FA /* PBXContainerItemProxy */;
		};
/* End PBXTargetDependency section */

/* Begin PBXVariantGroup section */
		F28518EB1AFABFAD007A45FA /* Main.storyboard */ = {
			isa = PBXVariantGroup;
			children = (
				F28518EC1AFABFAD007A45FA /* Base */,
			);
			name = Main.storyboard;
			sourceTree = "<group>";
		};
		F28518F01AFABFAD007A45FA /* LaunchScreen.xib */ = {
			isa = PBXVariantGroup;
			children = (
				F28518F11AFABFAD007A45FA /* Base */,
			);
			name = LaunchScreen.xib;
			sourceTree = "<group>";
		};
/* End PBXVariantGroup section */

/* Begin XCBuildConfiguration section */
		F28518FF1AFABFAE007A45FA /* Debug */ = {
			isa = XCBuildConfiguration;
			buildSettings = {
				ALWAYS_SEARCH_USER_PATHS = NO;
				CLANG_CXX_LANGUAGE_STANDARD = "gnu++0x";
				CLANG_CXX_LIBRARY = "libc++";
				CLANG_ENABLE_MODULES = YES;
				CLANG_ENABLE_OBJC_ARC = YES;
				CLANG_WARN_BOOL_CONVERSION = YES;
				CLANG_WARN_CONSTANT_CONVERSION = YES;
				CLANG_WARN_DIRECT_OBJC_ISA_USAGE = YES_ERROR;
				CLANG_WARN_EMPTY_BODY = YES;
				CLANG_WARN_ENUM_CONVERSION = YES;
				CLANG_WARN_INT_CONVERSION = YES;
				CLANG_WARN_OBJC_ROOT_CLASS = YES_ERROR;
				CLANG_WARN_UNREACHABLE_CODE = YES;
				CLANG_WARN__DUPLICATE_METHOD_MATCH = YES;
				"CODE_SIGN_IDENTITY[sdk=iphoneos*]" = "iPhone Developer";
				COPY_PHASE_STRIP = NO;
				DEBUG_INFORMATION_FORMAT = "dwarf-with-dsym";
				ENABLE_STRICT_OBJC_MSGSEND = YES;
				GCC_C_LANGUAGE_STANDARD = gnu99;
				GCC_DYNAMIC_NO_PIC = NO;
				GCC_NO_COMMON_BLOCKS = YES;
				GCC_OPTIMIZATION_LEVEL = 0;
				GCC_PREPROCESSOR_DEFINITIONS = (
					"DEBUG=1",
					"$(inherited)",
				);
				GCC_SYMBOLS_PRIVATE_EXTERN = NO;
				GCC_WARN_64_TO_32_BIT_CONVERSION = YES;
				GCC_WARN_ABOUT_RETURN_TYPE = YES_ERROR;
				GCC_WARN_UNDECLARED_SELECTOR = YES;
				GCC_WARN_UNINITIALIZED_AUTOS = YES_AGGRESSIVE;
				GCC_WARN_UNUSED_FUNCTION = YES;
				GCC_WARN_UNUSED_VARIABLE = YES;
				IPHONEOS_DEPLOYMENT_TARGET = 8.3;
				MTL_ENABLE_DEBUG_INFO = YES;
				ONLY_ACTIVE_ARCH = YES;
				SDKROOT = iphoneos;
			};
			name = Debug;
		};
		F28519001AFABFAE007A45FA /* Release */ = {
			isa = XCBuildConfiguration;
			buildSettings = {
				ALWAYS_SEARCH_USER_PATHS = NO;
				CLANG_CXX_LANGUAGE_STANDARD = "gnu++0x";
				CLANG_CXX_LIBRARY = "libc++";
				CLANG_ENABLE_MODULES = YES;
				CLANG_ENABLE_OBJC_ARC = YES;
				CLANG_WARN_BOOL_CONVERSION = YES;
				CLANG_WARN_CONSTANT_CONVERSION = YES;
				CLANG_WARN_DIRECT_OBJC_ISA_USAGE = YES_ERROR;
				CLANG_WARN_EMPTY_BODY = YES;
				CLANG_WARN_ENUM_CONVERSION = YES;
				CLANG_WARN_INT_CONVERSION = YES;
				CLANG_WARN_OBJC_ROOT_CLASS = YES_ERROR;
				CLANG_WARN_UNREACHABLE_CODE = YES;
				CLANG_WARN__DUPLICATE_METHOD_MATCH = YES;
				"CODE_SIGN_IDENTITY[sdk=iphoneos*]" = "iPhone Developer";
				COPY_PHASE_STRIP = NO;
				DEBUG_INFORMATION_FORMAT = "dwarf-with-dsym";
				ENABLE_NS_ASSERTIONS = NO;
				ENABLE_STRICT_OBJC_MSGSEND = YES;
				GCC_C_LANGUAGE_STANDARD = gnu99;
				GCC_NO_COMMON_BLOCKS = YES;
				GCC_WARN_64_TO_32_BIT_CONVERSION = YES;
				GCC_WARN_ABOUT_RETURN_TYPE = YES_ERROR;
				GCC_WARN_UNDECLARED_SELECTOR = YES;
				GCC_WARN_UNINITIALIZED_AUTOS = YES_AGGRESSIVE;
				GCC_WARN_UNUSED_FUNCTION = YES;
				GCC_WARN_UNUSED_VARIABLE = YES;
				IPHONEOS_DEPLOYMENT_TARGET = 8.3;
				MTL_ENABLE_DEBUG_INFO = NO;
				SDKROOT = iphoneos;
				VALIDATE_PRODUCT = YES;
			};
			name = Release;
		};
		F28519021AFABFAE007A45FA /* Debug */ = {
			isa = XCBuildConfiguration;
			buildSettings = {
				ASSETCATALOG_COMPILER_APPICON_NAME = AppIcon;
				CODE_SIGN_IDENTITY = "iPhone Developer";
				"CODE_SIGN_IDENTITY[sdk=iphoneos*]" = "iPhone Developer";
				FRAMEWORK_SEARCH_PATHS = (
					"$(inherited)",
					"$(PROJECT_DIR)",
				);
				INFOPLIST_FILE = NeuLynx/Info.plist;
				LD_RUNPATH_SEARCH_PATHS = "$(inherited) @executable_path/Frameworks";
				PRODUCT_NAME = "$(TARGET_NAME)";
				PROVISIONING_PROFILE = "";
				TARGETED_DEVICE_FAMILY = "1,2";
			};
			name = Debug;
		};
		F28519031AFABFAE007A45FA /* Release */ = {
			isa = XCBuildConfiguration;
			buildSettings = {
				ASSETCATALOG_COMPILER_APPICON_NAME = AppIcon;
				CODE_SIGN_IDENTITY = "iPhone Developer";
				"CODE_SIGN_IDENTITY[sdk=iphoneos*]" = "iPhone Developer";
				FRAMEWORK_SEARCH_PATHS = (
					"$(inherited)",
					"$(PROJECT_DIR)",
				);
				INFOPLIST_FILE = NeuLynx/Info.plist;
				LD_RUNPATH_SEARCH_PATHS = "$(inherited) @executable_path/Frameworks";
				PRODUCT_NAME = "$(TARGET_NAME)";
				PROVISIONING_PROFILE = "";
				TARGETED_DEVICE_FAMILY = "1,2";
			};
			name = Release;
		};
		F28519051AFABFAE007A45FA /* Debug */ = {
			isa = XCBuildConfiguration;
			buildSettings = {
				BUNDLE_LOADER = "$(TEST_HOST)";
				FRAMEWORK_SEARCH_PATHS = (
					"$(SDKROOT)/Developer/Library/Frameworks",
					"$(inherited)",
				);
				GCC_PREPROCESSOR_DEFINITIONS = (
					"DEBUG=1",
					"$(inherited)",
				);
				INFOPLIST_FILE = NeuLynxTests/Info.plist;
				LD_RUNPATH_SEARCH_PATHS = "$(inherited) @executable_path/Frameworks @loader_path/Frameworks";
				PRODUCT_NAME = "$(TARGET_NAME)";
				TEST_HOST = "$(BUILT_PRODUCTS_DIR)/NeuLynx.app/NeuLynx";
			};
			name = Debug;
		};
		F28519061AFABFAE007A45FA /* Release */ = {
			isa = XCBuildConfiguration;
			buildSettings = {
				BUNDLE_LOADER = "$(TEST_HOST)";
				FRAMEWORK_SEARCH_PATHS = (
					"$(SDKROOT)/Developer/Library/Frameworks",
					"$(inherited)",
				);
				INFOPLIST_FILE = NeuLynxTests/Info.plist;
				LD_RUNPATH_SEARCH_PATHS = "$(inherited) @executable_path/Frameworks @loader_path/Frameworks";
				PRODUCT_NAME = "$(TARGET_NAME)";
				TEST_HOST = "$(BUILT_PRODUCTS_DIR)/NeuLynx.app/NeuLynx";
			};
			name = Release;
		};
/* End XCBuildConfiguration section */

/* Begin XCConfigurationList section */
		F28518D61AFABFAD007A45FA /* Build configuration list for PBXProject "NeuLynx" */ = {
			isa = XCConfigurationList;
			buildConfigurations = (
				F28518FF1AFABFAE007A45FA /* Debug */,
				F28519001AFABFAE007A45FA /* Release */,
			);
			defaultConfigurationIsVisible = 0;
			defaultConfigurationName = Release;
		};
		F28519011AFABFAE007A45FA /* Build configuration list for PBXNativeTarget "NeuLynx" */ = {
			isa = XCConfigurationList;
			buildConfigurations = (
				F28519021AFABFAE007A45FA /* Debug */,
				F28519031AFABFAE007A45FA /* Release */,
			);
			defaultConfigurationIsVisible = 0;
			defaultConfigurationName = Release;
		};
		F28519041AFABFAE007A45FA /* Build configuration list for PBXNativeTarget "NeuLynxTests" */ = {
			isa = XCConfigurationList;
			buildConfigurations = (
				F28519051AFABFAE007A45FA /* Debug */,
				F28519061AFABFAE007A45FA /* Release */,
			);
			defaultConfigurationIsVisible = 0;
			defaultConfigurationName = Release;
		};
/* End XCConfigurationList section */

/* Begin XCVersionGroup section */
		F28518E51AFABFAD007A45FA /* NeuLynx.xcdatamodeld */ = {
			isa = XCVersionGroup;
			children = (
				F28518E61AFABFAD007A45FA /* NeuLynx.xcdatamodel */,
			);
			currentVersion = F28518E61AFABFAD007A45FA /* NeuLynx.xcdatamodel */;
			path = NeuLynx.xcdatamodeld;
			sourceTree = "<group>";
			versionGroupType = wrapper.xcdatamodel;
		};
/* End XCVersionGroup section */
	};
	rootObject = F28518D31AFABFAD007A45FA /* Project object */;
}
